
Microsoft Visual Studio Solution File, Format Version 12.00
# Visual Studio Version 17
VisualStudioVersion = 17.9.34607.119
MinimumVisualStudioVersion = 10.0.40219.1
Project("{8BC9CEB8-8B4A-11D0-8D11-00A0C91BC942}") = "Permutation-Based SC Decoding of Polar Subcodes", "Permutation-Based SC Decoding of Polar Subcodes\Permutation-Based SC Decoding of Polar Subcodes.vcxproj", "{468735A8-0BC6-4870-8260-E868212F4577}"
EndProject
Global
	GlobalSection(SolutionConfigurationPlatforms) = preSolution
		Debug|x64 = Debug|x64
		Debug|x86 = Debug|x86
		Release|x64 = Release|x64
		Release|x86 = Release|x86
	EndGlobalSection
	GlobalSection(ProjectConfigurationPlatforms) = postSolution
		{468735A8-0BC6-4870-8260-E868212F4577}.Debug|x64.ActiveCfg = Debug|x64
		{468735A8-0BC6-4870-8260-E868212F4577}.Debug|x64.Build.0 = Debug|x64
		{468735A8-0BC6-4870-8260-E868212F4577}.Debug|x86.ActiveCfg = Debug|Win32
		{468735A8-0BC6-4870-8260-E868212F4577}.Debug|x86.Build.0 = Debug|Win32
		{468735A8-0BC6-4870-8260-E868212F4577}.Release|x64.ActiveCfg = Release|x64
		{468735A8-0BC6-4870-8260-E868212F4577}.Release|x64.Build.0 = Release|x64
		{468735A8-0BC6-4870-8260-E868212F4577}.Release|x86.ActiveCfg = Release|Win32
		{468735A8-0BC6-4870-8260-E868212F4577}.Release|x86.Build.0 = Release|Win32
	EndGlobalSection
	GlobalSection(SolutionProperties) = preSolution
		HideSolutionNode = FALSE
	EndGlobalSection
	GlobalSection(ExtensibilityGlobals) = postSolution
		SolutionGuid = {539A7E29-BF6E-4376-B712-12AF65AF90C6}
	EndGlobalSection
EndGlobal
